
Microsoft Visual Studio Solution File, Format Version 12.00
# Visual Studio Version 16
VisualStudioVersion = 16.0.28729.10
MinimumVisualStudioVersion = 10.0.40219.1
Project("{FAE04EC0-301F-11D3-BF4B-00C04F79EFBC}") = "Ch09Ex03", "Ch09Ex03\Ch09Ex03.csproj", "{3FABE827-7F49-4AAC-855D-84D150AB46B1}"
EndProject
Global
	GlobalSection(SolutionConfigurationPlatforms) = preSolution
		Debug|Any CPU = Debug|Any CPU
		Release|Any CPU = Release|Any CPU
	EndGlobalSection
	GlobalSection(ProjectConfigurationPlatforms) = postSolution
		{3FABE827-7F49-4AAC-855D-84D150AB46B1}.Debug|Any CPU.ActiveCfg = Debug|Any CPU
		{3FABE827-7F49-4AAC-855D-84D150AB46B1}.Debug|Any CPU.Build.0 = Debug|Any CPU
		{3FABE827-7F49-4AAC-855D-84D150AB46B1}.Release|Any CPU.ActiveCfg = Release|Any CPU
		{3FABE827-7F49-4AAC-855D-84D150AB46B1}.Release|Any CPU.Build.0 = Release|Any CPU
	EndGlobalSection
	GlobalSection(SolutionProperties) = preSolution
		HideSolutionNode = FALSE
	EndGlobalSection
	GlobalSection(ExtensibilityGlobals) = postSolution
		SolutionGuid = {42B6A212-BA50-4FA3-A269-0ABAD4D7003C}
	EndGlobalSection
EndGlobal
